
Microsoft Visual Studio Solution File, Format Version 12.00
# Visual Studio Version 16
VisualStudioVersion = 16.0.30804.86
MinimumVisualStudioVersion = 10.0.40219.1
Project("{FAE04EC0-301F-11D3-BF4B-00C04F79EFBC}") = "testVS2019_Winform", "testVS2019_Winform\testVS2019_Winform.csproj", "{EA017839-59A4-42A1-B32C-6F07B9CF4D31}"
EndProject
Project("{FAE04EC0-301F-11D3-BF4B-00C04F79EFBC}") = "LibraryControl", "LibraryControl\LibraryControl.csproj", "{42294686-A0A7-47E8-A86C-B04F9C12CD68}"
EndProject
Project("{FAE04EC0-301F-11D3-BF4B-00C04F79EFBC}") = "DAL_BLL", "DAL_BLL\DAL_BLL.csproj", "{14707C3F-4C3E-4B89-BD41-636767AC554E}"
EndProject
Global
	GlobalSection(SolutionConfigurationPlatforms) = preSolution
		Debug|Any CPU = Debug|Any CPU
		Release|Any CPU = Release|Any CPU
	EndGlobalSection
	GlobalSection(ProjectConfigurationPlatforms) = postSolution
		{EA017839-59A4-42A1-B32C-6F07B9CF4D31}.Debug|Any CPU.ActiveCfg = Debug|Any CPU
		{EA017839-59A4-42A1-B32C-6F07B9CF4D31}.Debug|Any CPU.Build.0 = Debug|Any CPU
		{EA017839-59A4-42A1-B32C-6F07B9CF4D31}.Release|Any CPU.ActiveCfg = Release|Any CPU
		{EA017839-59A4-42A1-B32C-6F07B9CF4D31}.Release|Any CPU.Build.0 = Release|Any CPU
		{42294686-A0A7-47E8-A86C-B04F9C12CD68}.Debug|Any CPU.ActiveCfg = Debug|Any CPU
		{42294686-A0A7-47E8-A86C-B04F9C12CD68}.Debug|Any CPU.Build.0 = Debug|Any CPU
		{42294686-A0A7-47E8-A86C-B04F9C12CD68}.Release|Any CPU.ActiveCfg = Release|Any CPU
		{42294686-A0A7-47E8-A86C-B04F9C12CD68}.Release|Any CPU.Build.0 = Release|Any CPU
		{14707C3F-4C3E-4B89-BD41-636767AC554E}.Debug|Any CPU.ActiveCfg = Debug|Any CPU
		{14707C3F-4C3E-4B89-BD41-636767AC554E}.Debug|Any CPU.Build.0 = Debug|Any CPU
		{14707C3F-4C3E-4B89-BD41-636767AC554E}.Release|Any CPU.ActiveCfg = Release|Any CPU
		{14707C3F-4C3E-4B89-BD41-636767AC554E}.Release|Any CPU.Build.0 = Release|Any CPU
	EndGlobalSection
	GlobalSection(SolutionProperties) = preSolution
		HideSolutionNode = FALSE
	EndGlobalSection
	GlobalSection(ExtensibilityGlobals) = postSolution
		SolutionGuid = {03225F67-293E-4D04-997C-C3D99D6AB75E}
	EndGlobalSection
EndGlobal
